schema: '2.0'
stages:
  train:
    cmd: python src/train.py
    deps:
    - path: data/processed
      hash: md5
      md5: 64941428bb642ef316d8293c15a34adf.dir
      size: 1322231
      nfiles: 26
    - path: params.yaml
      hash: md5
      md5: caf12cb0e4e358100b95c727328f87a6
      size: 223
    - path: src/train.py
      hash: md5
      md5: be219e91e1cf594bd77687d64c13b858
      size: 3029
    params:
      params.yaml:
        data_version: 1
        train.batch_size: 4
        train.data_yaml: data/processed/retrain_v1/dataset.yaml
        train.epochs: 5
        train.imgsz: 640
        train.lr0: 0.01
        train.lrf: 0.01
        train.optimizer: SGD
    outs:
    - path: metrics/results.json
      hash: md5
      md5: 24b5bef0e3422756077b800a7d8fc4cf
      size: 163
    - path: model_versions
      hash: md5
      md5: 8660da44acc5b566a4a9495a064a2504.dir
      size: 22516586
      nfiles: 1
  select_best_model:
    cmd: python src/select_best_model.py
    deps:
    - path: metrics/results.json
      hash: md5
      md5: 24b5bef0e3422756077b800a7d8fc4cf
      size: 163
    - path: model_versions
      hash: md5
      md5: 8660da44acc5b566a4a9495a064a2504.dir
      size: 22516586
      nfiles: 1
    - path: src/select_best_model.py
      hash: md5
      md5: 2dfa06c4e73d65c4ce0b00e2004b4233
      size: 1501
    outs:
    - path: model/best.pt
      hash: md5
      md5: 5a970f248740a9f076898550152a8702
      size: 22516586
    - path: model/best_score.txt
      hash: md5
      md5: 6c29c1d39cdc620026b1be092ca3adb7
      size: 6
  evaluate:
    cmd: python src/evaluate.py
    deps:
    - path: model/best.pt
      hash: md5
      md5: 5a970f248740a9f076898550152a8702
      size: 22516586
    - path: src/evaluate.py
      hash: md5
      md5: 211eb5837a2e34c4806b062be3deae8a
      size: 552
    params:
      params.yaml:
        train.data_yaml: data/processed/retrain_v1/dataset.yaml
    outs:
    - path: metrics/eval.json
      hash: md5
      md5: ae1f57de86fcd05f7e1a52bc80f8df08
      size: 46
