schema: '2.0'
stages:
  train:
    cmd: python src/train.py
    deps:
    - path: data/processed
      hash: md5
      md5: 9c177e2e258d6421c000c0fa0c0c14a1.dir
      size: 7421697
      nfiles: 149
    - path: params.yaml
      hash: md5
      md5: 0793dd8a8dfb29c8b936102fef346e59
      size: 227
    - path: src/train.py
      hash: md5
      md5: ba2bf590abccc25fe5b670c1525fdc27
      size: 7210
    params:
      params.yaml:
        data_version: 1
        train.batch_size: 4
        train.data_yaml: data/processed/retrain_v1/dataset.yaml
        train.epochs: 5
        train.imgsz: 640
        train.lr0: 0.0001
        train.lrf: 0.0001
        train.optimizer: SGD
    outs:
    - path: metrics/results.json
      hash: md5
      md5: ce0ae6a06a3bc0d7903b2f6a0569b5ff
      size: 166
    - path: model_versions
      hash: md5
      md5: 52b3b1c748039200ff5b91df5fa88d23.dir
      size: 22516586
      nfiles: 1
  select_best_model:
    cmd: python src/select_best_model.py
    deps:
    - path: metrics/results.json
      hash: md5
      md5: 067c4d74de84a95864794a27bd5440a8
      size: 166
    - path: model_versions
      hash: md5
      md5: b52ed7f29ffcabf5135cdc82e9e9a933.dir
      size: 22516586
      nfiles: 1
    - path: src/select_best_model.py
      hash: md5
      md5: 2dfa06c4e73d65c4ce0b00e2004b4233
      size: 1501
    outs:
    - path: model/best.pt
      hash: md5
      md5: eb4a8061d50454a9484cc48f947be89b
      size: 22516586
    - path: model/best_score.txt
      hash: md5
      md5: ad511ef2c294177227c8aee810b206e4
      size: 6
  evaluate:
    cmd: python src/evaluate.py
    deps:
    - path: model_versions
      hash: md5
      md5: 52b3b1c748039200ff5b91df5fa88d23.dir
      size: 22516586
      nfiles: 1
    - path: params.yaml
      hash: md5
      md5: 0793dd8a8dfb29c8b936102fef346e59
      size: 227
    - path: src/evaluate.py
      hash: md5
      md5: 51b166dfeff01ef0ac1c1e6bc07f8040
      size: 873
    params:
      params.yaml:
        train.data_yaml: data/processed/retrain_v1/dataset.yaml
    outs:
    - path: metrics/eval.json
      hash: md5
      md5: 2f6f6e72d7f247aac2c00f41c1559bab
      size: 46
