schema: '2.0'
stages:
  train:
    cmd: python src/train.py
    deps:
    - path: data/processed
      hash: md5
      md5: 4cf1b952b86af8705fa0b251225e2893.dir
      size: 7421582
      nfiles: 148
    - path: params.yaml
      hash: md5
      md5: 0793dd8a8dfb29c8b936102fef346e59
      size: 227
    - path: src/train.py
      hash: md5
      md5: fc4382553ce098537cea725a8fb38811
      size: 6985
    params:
      params.yaml:
        data_version: 1
        train.batch_size: 4
        train.data_yaml: data/processed/retrain_v1/dataset.yaml
        train.epochs: 5
        train.imgsz: 640
        train.lr0: 0.0001
        train.lrf: 0.0001
        train.optimizer: SGD
    outs:
    - path: metrics/results.json
      hash: md5
      md5: 73ae6a5ebdca456e0c2c2af18a993e86
      size: 166
    - path: model_versions
      hash: md5
      md5: ea473eadbb776f4b8bd8edcea303ab5c.dir
      size: 22516586
      nfiles: 1
  select_best_model:
    cmd: python src/select_best_model.py
    deps:
    - path: metrics/results.json
      hash: md5
      md5: 067c4d74de84a95864794a27bd5440a8
      size: 166
    - path: model_versions
      hash: md5
      md5: b52ed7f29ffcabf5135cdc82e9e9a933.dir
      size: 22516586
      nfiles: 1
    - path: src/select_best_model.py
      hash: md5
      md5: 2dfa06c4e73d65c4ce0b00e2004b4233
      size: 1501
    outs:
    - path: model/best.pt
      hash: md5
      md5: eb4a8061d50454a9484cc48f947be89b
      size: 22516586
    - path: model/best_score.txt
      hash: md5
      md5: ad511ef2c294177227c8aee810b206e4
      size: 6
  evaluate:
    cmd: python src/evaluate.py
    deps:
    - path: model/best.pt
      hash: md5
      md5: eb4a8061d50454a9484cc48f947be89b
      size: 22516586
    - path: src/evaluate.py
      hash: md5
      md5: 211eb5837a2e34c4806b062be3deae8a
      size: 552
    params:
      params.yaml:
        train.data_yaml: data/processed/retrain_v1/dataset.yaml
    outs:
    - path: metrics/eval.json
      hash: md5
      md5: 6a3ae0c04dad3ec96615b80d4d559bd9
      size: 45
